Microsoft Visual Studio Solution File, Format Version 12.00
# Visual Studio Version 17
VisualStudioVersion = 17.5.2.0
MinimumVisualStudioVersion = 10.0.40219.1
Project("{FAE04EC0-301F-11D3-BF4B-00C04F79EFBC}") = "Asignment-1", "Asignment-1\Asignment-1.csproj", "{A7002754-9144-BDF9-1026-3F24E6523652}"
EndProject
Global
	GlobalSection(SolutionConfigurationPlatforms) = preSolution
		Debug|Any CPU = Debug|Any CPU
		Release|Any CPU = Release|Any CPU
	EndGlobalSection
	GlobalSection(ProjectConfigurationPlatforms) = postSolution
		{A7002754-9144-BDF9-1026-3F24E6523652}.Debug|Any CPU.ActiveCfg = Debug|Any CPU
		{A7002754-9144-BDF9-1026-3F24E6523652}.Debug|Any CPU.Build.0 = Debug|Any CPU
		{A7002754-9144-BDF9-1026-3F24E6523652}.Release|Any CPU.ActiveCfg = Release|Any CPU
		{A7002754-9144-BDF9-1026-3F24E6523652}.Release|Any CPU.Build.0 = Release|Any CPU
	EndGlobalSection
	GlobalSection(SolutionProperties) = preSolution
		HideSolutionNode = FALSE
	EndGlobalSection
	GlobalSection(ExtensibilityGlobals) = postSolution
		SolutionGuid = {3DA2BE65-B562-411E-A73D-BBEFDD9A715E}
	EndGlobalSection
EndGlobal
